
Microsoft Visual Studio Solution File, Format Version 12.00
# Visual Studio Version 16
VisualStudioVersion = 16.0.28917.181
MinimumVisualStudioVersion = 10.0.40219.1
Project("{9A19103F-16F7-4668-BE54-9A1E7A4F7556}") = "MembershipManagement.Web", "MembershipManagement.Web\MembershipManagement.Web.csproj", "{FBF8A9A3-2B3A-477A-B912-C57E5846443E}"
EndProject
Project("{9A19103F-16F7-4668-BE54-9A1E7A4F7556}") = "MembershipManagement.Business", "MembershipManagement.Business\MembershipManagement.Business.csproj", "{F13AB975-1DE8-4A96-A542-D13F4FF0985A}"
EndProject
Project("{9A19103F-16F7-4668-BE54-9A1E7A4F7556}") = "MembershipManagement.Domain", "MembershipManagement.Domain\MembershipManagement.Domain.csproj", "{46B66D53-643B-4450-8CBB-9986548A26BA}"
EndProject
Project("{00D1A9C2-B5F0-4AF3-8072-F6C62B433612}") = "MembershipManagementDatabase", "MembershipManagementDatabase\MembershipManagementDatabase.sqlproj", "{8D0FF52E-2611-4A9D-B920-2997002AF6B2}"
EndProject
Global
	GlobalSection(SolutionConfigurationPlatforms) = preSolution
		Debug|Any CPU = Debug|Any CPU
		Release|Any CPU = Release|Any CPU
	EndGlobalSection
	GlobalSection(ProjectConfigurationPlatforms) = postSolution
		{FBF8A9A3-2B3A-477A-B912-C57E5846443E}.Debug|Any CPU.ActiveCfg = Debug|Any CPU
		{FBF8A9A3-2B3A-477A-B912-C57E5846443E}.Debug|Any CPU.Build.0 = Debug|Any CPU
		{FBF8A9A3-2B3A-477A-B912-C57E5846443E}.Release|Any CPU.ActiveCfg = Release|Any CPU
		{FBF8A9A3-2B3A-477A-B912-C57E5846443E}.Release|Any CPU.Build.0 = Release|Any CPU
		{F13AB975-1DE8-4A96-A542-D13F4FF0985A}.Debug|Any CPU.ActiveCfg = Debug|Any CPU
		{F13AB975-1DE8-4A96-A542-D13F4FF0985A}.Debug|Any CPU.Build.0 = Debug|Any CPU
		{F13AB975-1DE8-4A96-A542-D13F4FF0985A}.Release|Any CPU.ActiveCfg = Release|Any CPU
		{F13AB975-1DE8-4A96-A542-D13F4FF0985A}.Release|Any CPU.Build.0 = Release|Any CPU
		{46B66D53-643B-4450-8CBB-9986548A26BA}.Debug|Any CPU.ActiveCfg = Debug|Any CPU
		{46B66D53-643B-4450-8CBB-9986548A26BA}.Debug|Any CPU.Build.0 = Debug|Any CPU
		{46B66D53-643B-4450-8CBB-9986548A26BA}.Release|Any CPU.ActiveCfg = Release|Any CPU
		{46B66D53-643B-4450-8CBB-9986548A26BA}.Release|Any CPU.Build.0 = Release|Any CPU
		{8D0FF52E-2611-4A9D-B920-2997002AF6B2}.Debug|Any CPU.ActiveCfg = Debug|Any CPU
		{8D0FF52E-2611-4A9D-B920-2997002AF6B2}.Release|Any CPU.ActiveCfg = Release|Any CPU
		{8D0FF52E-2611-4A9D-B920-2997002AF6B2}.Release|Any CPU.Build.0 = Release|Any CPU
		{8D0FF52E-2611-4A9D-B920-2997002AF6B2}.Release|Any CPU.Deploy.0 = Release|Any CPU
	EndGlobalSection
	GlobalSection(SolutionProperties) = preSolution
		HideSolutionNode = FALSE
	EndGlobalSection
	GlobalSection(ExtensibilityGlobals) = postSolution
		SolutionGuid = {8D09A089-5D13-4F9F-98D6-6F6A74AEA245}
	EndGlobalSection
EndGlobal
